
Microsoft Visual Studio Solution File, Format Version 12.00
# Visual Studio Version 17
VisualStudioVersion = 17.5.33502.453
MinimumVisualStudioVersion = 10.0.40219.1
Project("{FAE04EC0-301F-11D3-BF4B-00C04F79EFBC}") = "WinFormsControlsListingsObjectsApp", "WinFormsControlsListingsObjectsApp\WinFormsControlsListingsObjectsApp.csproj", "{0112A1E2-F941-46FD-9293-2BC6AED87CAB}"
EndProject
Global
	GlobalSection(SolutionConfigurationPlatforms) = preSolution
		Debug|Any CPU = Debug|Any CPU
		Release|Any CPU = Release|Any CPU
	EndGlobalSection
	GlobalSection(ProjectConfigurationPlatforms) = postSolution
		{0112A1E2-F941-46FD-9293-2BC6AED87CAB}.Debug|Any CPU.ActiveCfg = Debug|Any CPU
		{0112A1E2-F941-46FD-9293-2BC6AED87CAB}.Debug|Any CPU.Build.0 = Debug|Any CPU
		{0112A1E2-F941-46FD-9293-2BC6AED87CAB}.Release|Any CPU.ActiveCfg = Release|Any CPU
		{0112A1E2-F941-46FD-9293-2BC6AED87CAB}.Release|Any CPU.Build.0 = Release|Any CPU
	EndGlobalSection
	GlobalSection(SolutionProperties) = preSolution
		HideSolutionNode = FALSE
	EndGlobalSection
	GlobalSection(ExtensibilityGlobals) = postSolution
		SolutionGuid = {EB62C579-63E5-4BCB-A972-F4E55C94718D}
	EndGlobalSection
EndGlobal
